
Microsoft Visual Studio Solution File, Format Version 12.00
# Visual Studio 15
VisualStudioVersion = 15.0.27703.2035
MinimumVisualStudioVersion = 10.0.40219.1
Project("{FAE04EC0-301F-11D3-BF4B-00C04F79EFBC}") = "Meredith Game", "Meredith Game\Meredith Game.csproj", "{641C824F-220D-433D-9237-CC519D02834C}"
EndProject
Global
	GlobalSection(SolutionConfigurationPlatforms) = preSolution
		Debug|Any CPU = Debug|Any CPU
		Release|Any CPU = Release|Any CPU
	EndGlobalSection
	GlobalSection(ProjectConfigurationPlatforms) = postSolution
		{641C824F-220D-433D-9237-CC519D02834C}.Debug|Any CPU.ActiveCfg = Debug|Any CPU
		{641C824F-220D-433D-9237-CC519D02834C}.Debug|Any CPU.Build.0 = Debug|Any CPU
		{641C824F-220D-433D-9237-CC519D02834C}.Release|Any CPU.ActiveCfg = Release|Any CPU
		{641C824F-220D-433D-9237-CC519D02834C}.Release|Any CPU.Build.0 = Release|Any CPU
	EndGlobalSection
	GlobalSection(SolutionProperties) = preSolution
		HideSolutionNode = FALSE
	EndGlobalSection
	GlobalSection(ExtensibilityGlobals) = postSolution
		SolutionGuid = {04DE041B-3745-4468-B17F-02C710748CA0}
	EndGlobalSection
EndGlobal
